
Microsoft Visual Studio Solution File, Format Version 12.00
# Visual Studio Version 17
VisualStudioVersion = 17.0.31903.59
MinimumVisualStudioVersion = 10.0.40219.1
Project("{2150E333-8FDC-42A3-9474-1A3956D46DE8}") = "Front", "Front", "{37CAE11C-2B23-4C47-8CE4-DC095C415D0F}"
EndProject
Project("{2150E333-8FDC-42A3-9474-1A3956D46DE8}") = "Back", "Back", "{D7DEC02D-605F-42A4-8000-7625DAE84242}"
EndProject
Project("{2150E333-8FDC-42A3-9474-1A3956D46DE8}") = "Api", "Api", "{E244B8CF-86DA-4FA5-8055-DBE9692B0553}"
EndProject
Project("{2150E333-8FDC-42A3-9474-1A3956D46DE8}") = "Infrastructure", "Infrastructure", "{5D8C7904-482C-4234-BB65-23E78776FBBE}"
EndProject
Project("{2150E333-8FDC-42A3-9474-1A3956D46DE8}") = "Application", "Application", "{7BF1ABF8-125E-4BC3-B9CB-B50F4C1519FA}"
EndProject
Project("{2150E333-8FDC-42A3-9474-1A3956D46DE8}") = "Core", "Core", "{4E073BE0-148D-4D50-8733-C1817901BFD7}"
EndProject
Project("{FAE04EC0-301F-11D3-BF4B-00C04F79EFBC}") = "Platender.Api", "back\Api\Platender.Api\Platender.Api.csproj", "{DC0537A1-ECED-4C21-BCFA-960B9B626B9B}"
EndProject
Project("{FAE04EC0-301F-11D3-BF4B-00C04F79EFBC}") = "Platender.Application", "back\Application\Platender.Application\Platender.Application.csproj", "{60CCA46E-A0AB-422A-ACC1-9ED589CF2708}"
EndProject
Project("{FAE04EC0-301F-11D3-BF4B-00C04F79EFBC}") = "Platender.Core", "back\Core\Platender.Core\Platender.Core.csproj", "{645949E6-F7A5-425C-B5EC-819AA864449F}"
EndProject
Project("{FAE04EC0-301F-11D3-BF4B-00C04F79EFBC}") = "Platender.Infrastructure", "back\Infrastructure\Platender.Infrastructure\Platender.Infrastructure.csproj", "{B1C647C2-8F22-49C1-87F6-1A4DE60B2426}"
EndProject
Global
	GlobalSection(SolutionConfigurationPlatforms) = preSolution
		Debug|Any CPU = Debug|Any CPU
		Release|Any CPU = Release|Any CPU
	EndGlobalSection
	GlobalSection(ProjectConfigurationPlatforms) = postSolution
		{DC0537A1-ECED-4C21-BCFA-960B9B626B9B}.Debug|Any CPU.ActiveCfg = Debug|Any CPU
		{DC0537A1-ECED-4C21-BCFA-960B9B626B9B}.Debug|Any CPU.Build.0 = Debug|Any CPU
		{DC0537A1-ECED-4C21-BCFA-960B9B626B9B}.Release|Any CPU.ActiveCfg = Release|Any CPU
		{DC0537A1-ECED-4C21-BCFA-960B9B626B9B}.Release|Any CPU.Build.0 = Release|Any CPU
		{60CCA46E-A0AB-422A-ACC1-9ED589CF2708}.Debug|Any CPU.ActiveCfg = Debug|Any CPU
		{60CCA46E-A0AB-422A-ACC1-9ED589CF2708}.Debug|Any CPU.Build.0 = Debug|Any CPU
		{60CCA46E-A0AB-422A-ACC1-9ED589CF2708}.Release|Any CPU.ActiveCfg = Release|Any CPU
		{60CCA46E-A0AB-422A-ACC1-9ED589CF2708}.Release|Any CPU.Build.0 = Release|Any CPU
		{645949E6-F7A5-425C-B5EC-819AA864449F}.Debug|Any CPU.ActiveCfg = Debug|Any CPU
		{645949E6-F7A5-425C-B5EC-819AA864449F}.Debug|Any CPU.Build.0 = Debug|Any CPU
		{645949E6-F7A5-425C-B5EC-819AA864449F}.Release|Any CPU.ActiveCfg = Release|Any CPU
		{645949E6-F7A5-425C-B5EC-819AA864449F}.Release|Any CPU.Build.0 = Release|Any CPU
		{B1C647C2-8F22-49C1-87F6-1A4DE60B2426}.Debug|Any CPU.ActiveCfg = Debug|Any CPU
		{B1C647C2-8F22-49C1-87F6-1A4DE60B2426}.Debug|Any CPU.Build.0 = Debug|Any CPU
		{B1C647C2-8F22-49C1-87F6-1A4DE60B2426}.Release|Any CPU.ActiveCfg = Release|Any CPU
		{B1C647C2-8F22-49C1-87F6-1A4DE60B2426}.Release|Any CPU.Build.0 = Release|Any CPU
	EndGlobalSection
	GlobalSection(SolutionProperties) = preSolution
		HideSolutionNode = FALSE
	EndGlobalSection
	GlobalSection(NestedProjects) = preSolution
		{E244B8CF-86DA-4FA5-8055-DBE9692B0553} = {D7DEC02D-605F-42A4-8000-7625DAE84242}
		{5D8C7904-482C-4234-BB65-23E78776FBBE} = {D7DEC02D-605F-42A4-8000-7625DAE84242}
		{7BF1ABF8-125E-4BC3-B9CB-B50F4C1519FA} = {D7DEC02D-605F-42A4-8000-7625DAE84242}
		{4E073BE0-148D-4D50-8733-C1817901BFD7} = {D7DEC02D-605F-42A4-8000-7625DAE84242}
		{DC0537A1-ECED-4C21-BCFA-960B9B626B9B} = {E244B8CF-86DA-4FA5-8055-DBE9692B0553}
		{60CCA46E-A0AB-422A-ACC1-9ED589CF2708} = {7BF1ABF8-125E-4BC3-B9CB-B50F4C1519FA}
		{645949E6-F7A5-425C-B5EC-819AA864449F} = {4E073BE0-148D-4D50-8733-C1817901BFD7}
		{B1C647C2-8F22-49C1-87F6-1A4DE60B2426} = {5D8C7904-482C-4234-BB65-23E78776FBBE}
	EndGlobalSection
	GlobalSection(ExtensibilityGlobals) = postSolution
		SolutionGuid = {F8D84F90-9B5F-4900-AEFF-FD913A02B4E9}
	EndGlobalSection
EndGlobal
